
Microsoft Visual Studio Solution File, Format Version 12.00
# Visual Studio 14
VisualStudioVersion = 14.0.24720.0
MinimumVisualStudioVersion = 10.0.40219.1
Project("{FAE04EC0-301F-11D3-BF4B-00C04F79EFBC}") = "SybaseAseDBDriver", "Driver\SybaseAseDBDriver.csproj", "{A3076322-977C-4E28-BFF4-F25ED096D1DB}"
EndProject
Project("{FAE04EC0-301F-11D3-BF4B-00C04F79EFBC}") = "SybaseAseDQE", "DynamicQueryEngine\SybaseAseDQE.csproj", "{84FA8036-75B2-4664-A2D9-ECB891AE71FC}"
EndProject
Global
	GlobalSection(SolutionConfigurationPlatforms) = preSolution
		Debug|Any CPU = Debug|Any CPU
		Release|Any CPU = Release|Any CPU
	EndGlobalSection
	GlobalSection(ProjectConfigurationPlatforms) = postSolution
		{A3076322-977C-4E28-BFF4-F25ED096D1DB}.Debug|Any CPU.ActiveCfg = Debug|Any CPU
		{A3076322-977C-4E28-BFF4-F25ED096D1DB}.Debug|Any CPU.Build.0 = Debug|Any CPU
		{A3076322-977C-4E28-BFF4-F25ED096D1DB}.Release|Any CPU.ActiveCfg = Release|Any CPU
		{A3076322-977C-4E28-BFF4-F25ED096D1DB}.Release|Any CPU.Build.0 = Release|Any CPU
		{84FA8036-75B2-4664-A2D9-ECB891AE71FC}.Debug|Any CPU.ActiveCfg = Debug|Any CPU
		{84FA8036-75B2-4664-A2D9-ECB891AE71FC}.Debug|Any CPU.Build.0 = Debug|Any CPU
		{84FA8036-75B2-4664-A2D9-ECB891AE71FC}.Release|Any CPU.ActiveCfg = Release|Any CPU
		{84FA8036-75B2-4664-A2D9-ECB891AE71FC}.Release|Any CPU.Build.0 = Release|Any CPU
	EndGlobalSection
	GlobalSection(SolutionProperties) = preSolution
		HideSolutionNode = FALSE
	EndGlobalSection
EndGlobal
